
Microsoft Visual Studio Solution File, Format Version 12.00
# Visual Studio 15
VisualStudioVersion = 15.0.26228.9
MinimumVisualStudioVersion = 10.0.40219.1
Project("{9A19103F-16F7-4668-BE54-9A1E7A4F7556}") = "CRUD-Angular", "CRUD-Angular.csproj", "{2A398407-BE19-4270-A364-44D5483268C9}"
EndProject
Global
	GlobalSection(SolutionConfigurationPlatforms) = preSolution
		Debug|Any CPU = Debug|Any CPU
		Release|Any CPU = Release|Any CPU
	EndGlobalSection
	GlobalSection(ProjectConfigurationPlatforms) = postSolution
		{2A398407-BE19-4270-A364-44D5483268C9}.Debug|Any CPU.ActiveCfg = Debug|Any CPU
		{2A398407-BE19-4270-A364-44D5483268C9}.Debug|Any CPU.Build.0 = Debug|Any CPU
		{2A398407-BE19-4270-A364-44D5483268C9}.Release|Any CPU.ActiveCfg = Release|Any CPU
		{2A398407-BE19-4270-A364-44D5483268C9}.Release|Any CPU.Build.0 = Release|Any CPU
	EndGlobalSection
	GlobalSection(SolutionProperties) = preSolution
		HideSolutionNode = FALSE
	EndGlobalSection
EndGlobal
